PODS:
  - BBSimpleCocoapodsDevDependenciesLib (1.0)

DEPENDENCIES:
  - BBSimpleCocoapodsDevDependenciesLib (from `../Podspec`)

EXTERNAL SOURCES:
  BBSimpleCocoapodsDevDependenciesLib:
    :path: "../Podspec"

SPEC CHECKSUMS:
  BBSimpleCocoapodsDevDependenciesLib: 42498363a51fa7fb70cfde10de02ce5185cab5f9

COCOAPODS: 0.39.0
